
Microsoft Visual Studio Solution File, Format Version 12.00
# Visual Studio Version 16
VisualStudioVersion = 16.0.32413.511
MinimumVisualStudioVersion = 10.0.40219.1
Project("{FAE04EC0-301F-11D3-BF4B-00C04F79EFBC}") = "Samples.IntegrationLayer", "Samples.IntegrationLayer.csproj", "{5211341D-A0BE-4BF1-9103-202A86DBFB8A}"
EndProject
Project("{FAE04EC0-301F-11D3-BF4B-00C04F79EFBC}") = "QueueReceiver", "..\QueueReceiver\QueueReceiver.csproj", "{4057E5F8-A1CE-41E3-9876-4D21D58A7870}"
EndProject
Global
	GlobalSection(SolutionConfigurationPlatforms) = preSolution
		Debug|Any CPU = Debug|Any CPU
		Release|Any CPU = Release|Any CPU
	EndGlobalSection
	GlobalSection(ProjectConfigurationPlatforms) = postSolution
		{5211341D-A0BE-4BF1-9103-202A86DBFB8A}.Debug|Any CPU.ActiveCfg = Debug|Any CPU
		{5211341D-A0BE-4BF1-9103-202A86DBFB8A}.Debug|Any CPU.Build.0 = Debug|Any CPU
		{5211341D-A0BE-4BF1-9103-202A86DBFB8A}.Release|Any CPU.ActiveCfg = Release|Any CPU
		{5211341D-A0BE-4BF1-9103-202A86DBFB8A}.Release|Any CPU.Build.0 = Release|Any CPU
		{4057E5F8-A1CE-41E3-9876-4D21D58A7870}.Debug|Any CPU.ActiveCfg = Debug|Any CPU
		{4057E5F8-A1CE-41E3-9876-4D21D58A7870}.Debug|Any CPU.Build.0 = Debug|Any CPU
		{4057E5F8-A1CE-41E3-9876-4D21D58A7870}.Release|Any CPU.ActiveCfg = Release|Any CPU
		{4057E5F8-A1CE-41E3-9876-4D21D58A7870}.Release|Any CPU.Build.0 = Release|Any CPU
	EndGlobalSection
	GlobalSection(SolutionProperties) = preSolution
		HideSolutionNode = FALSE
	EndGlobalSection
	GlobalSection(ExtensibilityGlobals) = postSolution
		SolutionGuid = {430EFD59-506B-4796-9AFC-7CBE3F9B0359}
	EndGlobalSection
EndGlobal
